<?xml version="1.0" encoding="utf-8"?>
<Project ToolsVersion="4.0" xmlns="http://schemas.microsoft.com/developer/msbuild/2003">
  <ItemGroup>
    <Filter Include="源文件">
      <UniqueIdentifier>{4FC737F1-C7A5-4376-A066-2A32D752A2FF}</UniqueIdentifier>
      <Extensions>cpp;c;cc;cxx;def;odl;idl;hpj;bat;asm;asmx</Extensions>
    </Filter>
    <Filter Include="头文件">
      <UniqueIdentifier>{93995380-89BD-4b04-88EB-625FBE52EBFB}</UniqueIdentifier>
      <Extensions>h;hh;hpp;hxx;hm;inl;inc;ipp;xsd</Extensions>
    </Filter>
    <Filter Include="资源文件">
      <UniqueIdentifier>{67DA6AB6-F800-4c08-8B7A-83BB121AAD01}</UniqueIdentifier>
      <Extensions>rc;ico;cur;bmp;dlg;rc2;rct;bin;rgs;gif;jpg;jpeg;jpe;resx;tiff;tif;png;wav;mfcribbon-ms</Extensions>
    </Filter>
  </ItemGroup>
  <ItemGroup>
    <ClInclude Include="Ray_Place.h">
      <Filter>头文件</Filter>
    </ClInclude>
    <ClInclude Include="framework.h">
      <Filter>头文件</Filter>
    </ClInclude>
    <ClInclude Include="targetver.h">
      <Filter>头文件</Filter>
    </ClInclude>
    <ClInclude Include="MainFrm.h">
      <Filter>头文件</Filter>
    </ClInclude>
    <ClInclude Include="Ray_PlaceDoc.h">
      <Filter>头文件</Filter>
    </ClInclude>
    <ClInclude Include="Ray_PlaceView.h">
      <Filter>头文件</Filter>
    </ClInclude>
    <ClInclude Include="Resource.h">
      <Filter>头文件</Filter>
    </ClInclude>
    <ClInclude Include="pch.h">
      <Filter>头文件</Filter>
    </ClInclude>
    <ClInclude Include="Equation.h">
      <Filter>头文件</Filter>
    </ClInclude>
    <ClInclude Include="GeometricObject.h">
      <Filter>头文件</Filter>
    </ClInclude>
    <ClInclude Include="Intersection.h">
      <Filter>头文件</Filter>
    </ClInclude>
    <ClInclude Include="Lighting.h">
      <Filter>头文件</Filter>
    </ClInclude>
    <ClInclude Include="LightSource.h">
      <Filter>头文件</Filter>
    </ClInclude>
    <ClInclude Include="Material.h">
      <Filter>头文件</Filter>
    </ClInclude>
    <ClInclude Include="P2.h">
      <Filter>头文件</Filter>
    </ClInclude>
    <ClInclude Include="P3.h">
      <Filter>头文件</Filter>
    </ClInclude>
    <ClInclude Include="Ray.h">
      <Filter>头文件</Filter>
    </ClInclude>
    <ClInclude Include="RGB.h">
      <Filter>头文件</Filter>
    </ClInclude>
    <ClInclude Include="Sphere.h">
      <Filter>头文件</Filter>
    </ClInclude>
    <ClInclude Include="Torus.h">
      <Filter>头文件</Filter>
    </ClInclude>
    <ClInclude Include="Vector3.h">
      <Filter>头文件</Filter>
    </ClInclude>
    <ClInclude Include="ViewPlane.h">
      <Filter>头文件</Filter>
    </ClInclude>
    <ClInclude Include="Plane.h">
      <Filter>头文件</Filter>
    </ClInclude>
  </ItemGroup>
  <ItemGroup>
    <ClCompile Include="Ray_Place.cpp">
      <Filter>源文件</Filter>
    </ClCompile>
    <ClCompile Include="MainFrm.cpp">
      <Filter>源文件</Filter>
    </ClCompile>
    <ClCompile Include="Ray_PlaceDoc.cpp">
      <Filter>源文件</Filter>
    </ClCompile>
    <ClCompile Include="Ray_PlaceView.cpp">
      <Filter>源文件</Filter>
    </ClCompile>
    <ClCompile Include="pch.cpp">
      <Filter>源文件</Filter>
    </ClCompile>
    <ClCompile Include="Equation.cpp">
      <Filter>源文件</Filter>
    </ClCompile>
    <ClCompile Include="GeometricObject.cpp">
      <Filter>源文件</Filter>
    </ClCompile>
    <ClCompile Include="Intersection.cpp">
      <Filter>源文件</Filter>
    </ClCompile>
    <ClCompile Include="Lighting.cpp">
      <Filter>源文件</Filter>
    </ClCompile>
    <ClCompile Include="LightSource.cpp">
      <Filter>源文件</Filter>
    </ClCompile>
    <ClCompile Include="Material.cpp">
      <Filter>源文件</Filter>
    </ClCompile>
    <ClCompile Include="P2.cpp">
      <Filter>源文件</Filter>
    </ClCompile>
    <ClCompile Include="P3.cpp">
      <Filter>源文件</Filter>
    </ClCompile>
    <ClCompile Include="Ray.cpp">
      <Filter>源文件</Filter>
    </ClCompile>
    <ClCompile Include="RGB.cpp">
      <Filter>源文件</Filter>
    </ClCompile>
    <ClCompile Include="Sphere.cpp">
      <Filter>源文件</Filter>
    </ClCompile>
    <ClCompile Include="Torus.cpp">
      <Filter>源文件</Filter>
    </ClCompile>
    <ClCompile Include="Vector3.cpp">
      <Filter>源文件</Filter>
    </ClCompile>
    <ClCompile Include="ViewPlane.cpp">
      <Filter>源文件</Filter>
    </ClCompile>
    <ClCompile Include="Plane.cpp">
      <Filter>源文件</Filter>
    </ClCompile>
  </ItemGroup>
  <ItemGroup>
    <ResourceCompile Include="RayPlace.rc">
      <Filter>资源文件</Filter>
    </ResourceCompile>
  </ItemGroup>
  <ItemGroup>
    <None Include="res\RayPlace.rc2">
      <Filter>资源文件</Filter>
    </None>
  </ItemGroup>
  <ItemGroup>
    <Image Include="res\Ray_PlaceDoc.ico">
      <Filter>资源文件</Filter>
    </Image>
    <Image Include="res\Ray_Place.ico">
      <Filter>资源文件</Filter>
    </Image>
    <Image Include="res\Toolbar.bmp">
      <Filter>资源文件</Filter>
    </Image>
  </ItemGroup>
</Project>